
Microsoft Visual Studio Solution File, Format Version 12.00
# Visual Studio 2012
Project("{FAE04EC0-301F-11D3-BF4B-00C04F79EFBC}") = "BluetoothCrashTest", "BluetoothCrashTest\BluetoothCrashTest.csproj", "{23B1E7BD-15E8-4CE8-8653-2F6434291760}"
EndProject
Global
	GlobalSection(SolutionConfigurationPlatforms) = preSolution
		Debug|iPhoneSimulator = Debug|iPhoneSimulator
		Release|iPhone = Release|iPhone
		Release|iPhoneSimulator = Release|iPhoneSimulator
		Debug|iPhone = Debug|iPhone
	EndGlobalSection
	GlobalSection(ProjectConfigurationPlatforms) = postSolution
		{23B1E7BD-15E8-4CE8-8653-2F6434291760}.Debug|iPhoneSimulator.ActiveCfg = Debug|iPhoneSimulator
		{23B1E7BD-15E8-4CE8-8653-2F6434291760}.Debug|iPhoneSimulator.Build.0 = Debug|iPhoneSimulator
		{23B1E7BD-15E8-4CE8-8653-2F6434291760}.Release|iPhone.ActiveCfg = Release|iPhone
		{23B1E7BD-15E8-4CE8-8653-2F6434291760}.Release|iPhone.Build.0 = Release|iPhone
		{23B1E7BD-15E8-4CE8-8653-2F6434291760}.Release|iPhoneSimulator.ActiveCfg = Release|iPhoneSimulator
		{23B1E7BD-15E8-4CE8-8653-2F6434291760}.Release|iPhoneSimulator.Build.0 = Release|iPhoneSimulator
		{23B1E7BD-15E8-4CE8-8653-2F6434291760}.Debug|iPhone.ActiveCfg = Debug|iPhone
		{23B1E7BD-15E8-4CE8-8653-2F6434291760}.Debug|iPhone.Build.0 = Debug|iPhone
	EndGlobalSection
EndGlobal
